
Microsoft Visual Studio Solution File, Format Version 12.00
# Visual Studio 15
VisualStudioVersion = 15.0.26730.12
MinimumVisualStudioVersion = 10.0.40219.1
Project("{FAE04EC0-301F-11D3-BF4B-00C04F79EFBC}") = "Reportr", "Reportr\Reportr.csproj", "{5108C1B8-79A5-41E2-8AA1-D2C1383AE322}"
EndProject
Project("{FAE04EC0-301F-11D3-BF4B-00C04F79EFBC}") = "Reportr.Tests", "Reportr.Tests\Reportr.Tests.csproj", "{09F4C86D-3DC1-40C5-B0EB-DD1EAC641B53}"
EndProject
Project("{FAE04EC0-301F-11D3-BF4B-00C04F79EFBC}") = "Reportr.Integrations.NCalc", "Reportr.Integrations.NCalc\Reportr.Integrations.NCalc.csproj", "{CAB0FA67-CD48-414B-8384-FCD4BD340906}"
EndProject
Project("{FAE04EC0-301F-11D3-BF4B-00C04F79EFBC}") = "Reportr.Integrations.Nettle", "Reportr.Integrations.Nettle\Reportr.Integrations.Nettle.csproj", "{B6B26291-3759-486D-B554-544E65C2CE10}"
EndProject
Project("{FAE04EC0-301F-11D3-BF4B-00C04F79EFBC}") = "Reportr.Integrations.Razor", "Reportr.Integrations.Razor\Reportr.Integrations.Razor.csproj", "{198B838D-3295-4738-BEBA-3A8B64FAC06E}"
EndProject
Project("{FAE04EC0-301F-11D3-BF4B-00C04F79EFBC}") = "Reportr.WebApi", "Reportr.WebApi\Reportr.WebApi.csproj", "{A8AA8689-4009-4BEB-A21E-1F776ED9A0C4}"
EndProject
Project("{FAE04EC0-301F-11D3-BF4B-00C04F79EFBC}") = "Reportr.Data.Sql", "Reportr.Data.Sql\Reportr.Data.Sql.csproj", "{DF0345FD-83E5-459B-919C-5A1DE9A3094B}"
EndProject
Project("{FAE04EC0-301F-11D3-BF4B-00C04F79EFBC}") = "Reportr.Data.Entity", "Reportr.Data.Entity\Reportr.Data.Entity.csproj", "{D849BCFE-AF44-4F66-A0CF-EF47ED70C54C}"
EndProject
Project("{FAE04EC0-301F-11D3-BF4B-00C04F79EFBC}") = "Reportr.Data.Xml", "Reportr.Data.Xml\Reportr.Data.Xml.csproj", "{930736A2-C01F-4B69-9860-846DEFF6E61F}"
EndProject
Project("{FAE04EC0-301F-11D3-BF4B-00C04F79EFBC}") = "Reportr.Data.Csv", "Reportr.Data.Csv\Reportr.Data.Csv.csproj", "{7BBD8C61-1840-4FD8-8AB3-325493B81F7E}"
EndProject
Project("{FAE04EC0-301F-11D3-BF4B-00C04F79EFBC}") = "Reportr.Data.Json", "Reportr.Data.Json\Reportr.Data.Json.csproj", "{2FFE2DAD-8BC5-4D9E-AA26-5EAC963D7F27}"
EndProject
Global
	GlobalSection(SolutionConfigurationPlatforms) = preSolution
		Debug|Any CPU = Debug|Any CPU
		Release|Any CPU = Release|Any CPU
	EndGlobalSection
	GlobalSection(ProjectConfigurationPlatforms) = postSolution
		{5108C1B8-79A5-41E2-8AA1-D2C1383AE322}.Debug|Any CPU.ActiveCfg = Debug|Any CPU
		{5108C1B8-79A5-41E2-8AA1-D2C1383AE322}.Debug|Any CPU.Build.0 = Debug|Any CPU
		{5108C1B8-79A5-41E2-8AA1-D2C1383AE322}.Release|Any CPU.ActiveCfg = Release|Any CPU
		{5108C1B8-79A5-41E2-8AA1-D2C1383AE322}.Release|Any CPU.Build.0 = Release|Any CPU
		{09F4C86D-3DC1-40C5-B0EB-DD1EAC641B53}.Debug|Any CPU.ActiveCfg = Debug|Any CPU
		{09F4C86D-3DC1-40C5-B0EB-DD1EAC641B53}.Debug|Any CPU.Build.0 = Debug|Any CPU
		{09F4C86D-3DC1-40C5-B0EB-DD1EAC641B53}.Release|Any CPU.ActiveCfg = Release|Any CPU
		{09F4C86D-3DC1-40C5-B0EB-DD1EAC641B53}.Release|Any CPU.Build.0 = Release|Any CPU
		{CAB0FA67-CD48-414B-8384-FCD4BD340906}.Debug|Any CPU.ActiveCfg = Debug|Any CPU
		{CAB0FA67-CD48-414B-8384-FCD4BD340906}.Debug|Any CPU.Build.0 = Debug|Any CPU
		{CAB0FA67-CD48-414B-8384-FCD4BD340906}.Release|Any CPU.ActiveCfg = Release|Any CPU
		{CAB0FA67-CD48-414B-8384-FCD4BD340906}.Release|Any CPU.Build.0 = Release|Any CPU
		{B6B26291-3759-486D-B554-544E65C2CE10}.Debug|Any CPU.ActiveCfg = Debug|Any CPU
		{B6B26291-3759-486D-B554-544E65C2CE10}.Debug|Any CPU.Build.0 = Debug|Any CPU
		{B6B26291-3759-486D-B554-544E65C2CE10}.Release|Any CPU.ActiveCfg = Release|Any CPU
		{B6B26291-3759-486D-B554-544E65C2CE10}.Release|Any CPU.Build.0 = Release|Any CPU
		{198B838D-3295-4738-BEBA-3A8B64FAC06E}.Debug|Any CPU.ActiveCfg = Debug|Any CPU
		{198B838D-3295-4738-BEBA-3A8B64FAC06E}.Debug|Any CPU.Build.0 = Debug|Any CPU
		{198B838D-3295-4738-BEBA-3A8B64FAC06E}.Release|Any CPU.ActiveCfg = Release|Any CPU
		{198B838D-3295-4738-BEBA-3A8B64FAC06E}.Release|Any CPU.Build.0 = Release|Any CPU
		{A8AA8689-4009-4BEB-A21E-1F776ED9A0C4}.Debug|Any CPU.ActiveCfg = Debug|Any CPU
		{A8AA8689-4009-4BEB-A21E-1F776ED9A0C4}.Debug|Any CPU.Build.0 = Debug|Any CPU
		{A8AA8689-4009-4BEB-A21E-1F776ED9A0C4}.Release|Any CPU.ActiveCfg = Release|Any CPU
		{A8AA8689-4009-4BEB-A21E-1F776ED9A0C4}.Release|Any CPU.Build.0 = Release|Any CPU
		{DF0345FD-83E5-459B-919C-5A1DE9A3094B}.Debug|Any CPU.ActiveCfg = Debug|Any CPU
		{DF0345FD-83E5-459B-919C-5A1DE9A3094B}.Debug|Any CPU.Build.0 = Debug|Any CPU
		{DF0345FD-83E5-459B-919C-5A1DE9A3094B}.Release|Any CPU.ActiveCfg = Release|Any CPU
		{DF0345FD-83E5-459B-919C-5A1DE9A3094B}.Release|Any CPU.Build.0 = Release|Any CPU
		{D849BCFE-AF44-4F66-A0CF-EF47ED70C54C}.Debug|Any CPU.ActiveCfg = Debug|Any CPU
		{D849BCFE-AF44-4F66-A0CF-EF47ED70C54C}.Debug|Any CPU.Build.0 = Debug|Any CPU
		{D849BCFE-AF44-4F66-A0CF-EF47ED70C54C}.Release|Any CPU.ActiveCfg = Release|Any CPU
		{D849BCFE-AF44-4F66-A0CF-EF47ED70C54C}.Release|Any CPU.Build.0 = Release|Any CPU
		{930736A2-C01F-4B69-9860-846DEFF6E61F}.Debug|Any CPU.ActiveCfg = Debug|Any CPU
		{930736A2-C01F-4B69-9860-846DEFF6E61F}.Debug|Any CPU.Build.0 = Debug|Any CPU
		{930736A2-C01F-4B69-9860-846DEFF6E61F}.Release|Any CPU.ActiveCfg = Release|Any CPU
		{930736A2-C01F-4B69-9860-846DEFF6E61F}.Release|Any CPU.Build.0 = Release|Any CPU
		{7BBD8C61-1840-4FD8-8AB3-325493B81F7E}.Debug|Any CPU.ActiveCfg = Debug|Any CPU
		{7BBD8C61-1840-4FD8-8AB3-325493B81F7E}.Debug|Any CPU.Build.0 = Debug|Any CPU
		{7BBD8C61-1840-4FD8-8AB3-325493B81F7E}.Release|Any CPU.ActiveCfg = Release|Any CPU
		{7BBD8C61-1840-4FD8-8AB3-325493B81F7E}.Release|Any CPU.Build.0 = Release|Any CPU
		{2FFE2DAD-8BC5-4D9E-AA26-5EAC963D7F27}.Debug|Any CPU.ActiveCfg = Debug|Any CPU
		{2FFE2DAD-8BC5-4D9E-AA26-5EAC963D7F27}.Debug|Any CPU.Build.0 = Debug|Any CPU
		{2FFE2DAD-8BC5-4D9E-AA26-5EAC963D7F27}.Release|Any CPU.ActiveCfg = Release|Any CPU
		{2FFE2DAD-8BC5-4D9E-AA26-5EAC963D7F27}.Release|Any CPU.Build.0 = Release|Any CPU
	EndGlobalSection
	GlobalSection(SolutionProperties) = preSolution
		HideSolutionNode = FALSE
	EndGlobalSection
	GlobalSection(ExtensibilityGlobals) = postSolution
		SolutionGuid = {3AC848B0-75CF-4B9E-96DD-1316CA8BE756}
	EndGlobalSection
EndGlobal
